
Microsoft Visual Studio Solution File, Format Version 12.00
# Visual Studio Version 17
VisualStudioVersion = 17.9.34728.123
MinimumVisualStudioVersion = 10.0.40219.1
Project("{FAE04EC0-301F-11D3-BF4B-00C04F79EFBC}") = "EchoBot1", "EchoBot1.csproj", "{C3E0406B-DDE7-4E38-BC44-C65696ECF27D}"
EndProject
Global
	GlobalSection(SolutionConfigurationPlatforms) = preSolution
		Debug|Any CPU = Debug|Any CPU
		Release|Any CPU = Release|Any CPU
	EndGlobalSection
	GlobalSection(ProjectConfigurationPlatforms) = postSolution
		{C3E0406B-DDE7-4E38-BC44-C65696ECF27D}.Debug|Any CPU.ActiveCfg = Debug|Any CPU
		{C3E0406B-DDE7-4E38-BC44-C65696ECF27D}.Debug|Any CPU.Build.0 = Debug|Any CPU
		{C3E0406B-DDE7-4E38-BC44-C65696ECF27D}.Release|Any CPU.ActiveCfg = Release|Any CPU
		{C3E0406B-DDE7-4E38-BC44-C65696ECF27D}.Release|Any CPU.Build.0 = Release|Any CPU
	EndGlobalSection
	GlobalSection(SolutionProperties) = preSolution
		HideSolutionNode = FALSE
	EndGlobalSection
	GlobalSection(ExtensibilityGlobals) = postSolution
		SolutionGuid = {3F902C1F-9597-4A33-8846-FA1737FC7584}
	EndGlobalSection
EndGlobal
